
Microsoft Visual Studio Solution File, Format Version 12.00
# Visual Studio Version 17
VisualStudioVersion = 17.0.32112.339
MinimumVisualStudioVersion = 10.0.40219.1
Project("{8BC9CEB8-8B4A-11D0-8D11-00A0C91BC942}") = "Aegina CSGO Visuals", "Aegina CSGO Visuals\Aegina CSGO Visuals.vcxproj", "{3A8AB0F9-B2D3-4DA4-978D-F494E0147946}"
EndProject
Global
	GlobalSection(SolutionConfigurationPlatforms) = preSolution
		Debug|x64 = Debug|x64
		Debug|x86 = Debug|x86
		Release|x64 = Release|x64
		Release|x86 = Release|x86
	EndGlobalSection
	GlobalSection(ProjectConfigurationPlatforms) = postSolution
		{3A8AB0F9-B2D3-4DA4-978D-F494E0147946}.Debug|x64.ActiveCfg = Debug|x64
		{3A8AB0F9-B2D3-4DA4-978D-F494E0147946}.Debug|x64.Build.0 = Debug|x64
		{3A8AB0F9-B2D3-4DA4-978D-F494E0147946}.Debug|x86.ActiveCfg = Debug|Win32
		{3A8AB0F9-B2D3-4DA4-978D-F494E0147946}.Debug|x86.Build.0 = Debug|Win32
		{3A8AB0F9-B2D3-4DA4-978D-F494E0147946}.Release|x64.ActiveCfg = Release|x64
		{3A8AB0F9-B2D3-4DA4-978D-F494E0147946}.Release|x64.Build.0 = Release|x64
		{3A8AB0F9-B2D3-4DA4-978D-F494E0147946}.Release|x86.ActiveCfg = Release|Win32
		{3A8AB0F9-B2D3-4DA4-978D-F494E0147946}.Release|x86.Build.0 = Release|Win32
	EndGlobalSection
	GlobalSection(SolutionProperties) = preSolution
		HideSolutionNode = FALSE
	EndGlobalSection
	GlobalSection(ExtensibilityGlobals) = postSolution
		SolutionGuid = {6A214159-E8A5-46EF-9EC6-A8184AE9A0F4}
	EndGlobalSection
EndGlobal
